
Microsoft Visual Studio Solution File, Format Version 12.00
# Visual Studio Version 16
VisualStudioVersion = 16.0.29001.49
MinimumVisualStudioVersion = 10.0.40219.1
Project("{FAE04EC0-301F-11D3-BF4B-00C04F79EFBC}") = "GameLauncher_Console", "GameLauncher_Console\GameLauncher_Console.csproj", "{4EBCEF5B-1A8A-42FB-81DB-446A14ED15D1}"
EndProject
Project("{FAE04EC0-301F-11D3-BF4B-00C04F79EFBC}") = "UnitTest", "UnitTest\UnitTest.csproj", "{FBEDF6E1-33EC-4B48-B44F-0CC2CE8585BF}"
	ProjectSection(ProjectDependencies) = postProject
		{4EBCEF5B-1A8A-42FB-81DB-446A14ED15D1} = {4EBCEF5B-1A8A-42FB-81DB-446A14ED15D1}
		{92A97D68-92B7-4348-9275-BC3E9D0E8941} = {92A97D68-92B7-4348-9275-BC3E9D0E8941}
	EndProjectSection
EndProject
Project("{FAE04EC0-301F-11D3-BF4B-00C04F79EFBC}") = "DataConversionTool", "DataConversionTool\DataConversionTool.csproj", "{92A97D68-92B7-4348-9275-BC3E9D0E8941}"
	ProjectSection(ProjectDependencies) = postProject
		{4EBCEF5B-1A8A-42FB-81DB-446A14ED15D1} = {4EBCEF5B-1A8A-42FB-81DB-446A14ED15D1}
	EndProjectSection
EndProject
Project("{FAE04EC0-301F-11D3-BF4B-00C04F79EFBC}") = "GLC", "GLC\GLC.csproj", "{98219DE0-60C6-451F-9E5E-8005559E7E1D}"
EndProject
Global
	GlobalSection(SolutionConfigurationPlatforms) = preSolution
		Debug|Any CPU = Debug|Any CPU
		Release|Any CPU = Release|Any CPU
	EndGlobalSection
	GlobalSection(ProjectConfigurationPlatforms) = postSolution
		{4EBCEF5B-1A8A-42FB-81DB-446A14ED15D1}.Debug|Any CPU.ActiveCfg = Debug|Any CPU
		{4EBCEF5B-1A8A-42FB-81DB-446A14ED15D1}.Debug|Any CPU.Build.0 = Debug|Any CPU
		{4EBCEF5B-1A8A-42FB-81DB-446A14ED15D1}.Release|Any CPU.ActiveCfg = Release|Any CPU
		{4EBCEF5B-1A8A-42FB-81DB-446A14ED15D1}.Release|Any CPU.Build.0 = Release|Any CPU
		{FBEDF6E1-33EC-4B48-B44F-0CC2CE8585BF}.Debug|Any CPU.ActiveCfg = Debug|Any CPU
		{FBEDF6E1-33EC-4B48-B44F-0CC2CE8585BF}.Debug|Any CPU.Build.0 = Debug|Any CPU
		{FBEDF6E1-33EC-4B48-B44F-0CC2CE8585BF}.Release|Any CPU.ActiveCfg = Release|Any CPU
		{FBEDF6E1-33EC-4B48-B44F-0CC2CE8585BF}.Release|Any CPU.Build.0 = Release|Any CPU
		{92A97D68-92B7-4348-9275-BC3E9D0E8941}.Debug|Any CPU.ActiveCfg = Debug|Any CPU
		{92A97D68-92B7-4348-9275-BC3E9D0E8941}.Debug|Any CPU.Build.0 = Debug|Any CPU
		{92A97D68-92B7-4348-9275-BC3E9D0E8941}.Release|Any CPU.ActiveCfg = Release|Any CPU
		{92A97D68-92B7-4348-9275-BC3E9D0E8941}.Release|Any CPU.Build.0 = Release|Any CPU
		{98219DE0-60C6-451F-9E5E-8005559E7E1D}.Debug|Any CPU.ActiveCfg = Debug|Any CPU
		{98219DE0-60C6-451F-9E5E-8005559E7E1D}.Debug|Any CPU.Build.0 = Debug|Any CPU
		{98219DE0-60C6-451F-9E5E-8005559E7E1D}.Release|Any CPU.ActiveCfg = Release|Any CPU
		{98219DE0-60C6-451F-9E5E-8005559E7E1D}.Release|Any CPU.Build.0 = Release|Any CPU
	EndGlobalSection
	GlobalSection(SolutionProperties) = preSolution
		HideSolutionNode = FALSE
	EndGlobalSection
	GlobalSection(ExtensibilityGlobals) = postSolution
		SolutionGuid = {90858D12-1823-4AAB-91A4-04758C95F911}
	EndGlobalSection
EndGlobal
