
Microsoft Visual Studio Solution File, Format Version 12.00
# Visual Studio 15
VisualStudioVersion = 15.0.28307.421
MinimumVisualStudioVersion = 10.0.40219.1
Project("{9A19103F-16F7-4668-BE54-9A1E7A4F7556}") = "PureOrigin.API", "PureOrigin.API\PureOrigin.API.csproj", "{CCC91605-E203-44F2-A692-BBCA103C7632}"
EndProject
Project("{FAE04EC0-301F-11D3-BF4B-00C04F79EFBC}") = "PureOrigin.API.Tests", "PureOrigin.API.Tests\PureOrigin.API.Tests.csproj", "{394999DF-ED90-463E-B66C-9735B2C3DF7F}"
EndProject
Global
	GlobalSection(SolutionConfigurationPlatforms) = preSolution
		Debug|Any CPU = Debug|Any CPU
		Release|Any CPU = Release|Any CPU
	EndGlobalSection
	GlobalSection(ProjectConfigurationPlatforms) = postSolution
		{CCC91605-E203-44F2-A692-BBCA103C7632}.Debug|Any CPU.ActiveCfg = Debug|Any CPU
		{CCC91605-E203-44F2-A692-BBCA103C7632}.Debug|Any CPU.Build.0 = Debug|Any CPU
		{CCC91605-E203-44F2-A692-BBCA103C7632}.Release|Any CPU.ActiveCfg = Release|Any CPU
		{CCC91605-E203-44F2-A692-BBCA103C7632}.Release|Any CPU.Build.0 = Release|Any CPU
		{394999DF-ED90-463E-B66C-9735B2C3DF7F}.Debug|Any CPU.ActiveCfg = Debug|Any CPU
		{394999DF-ED90-463E-B66C-9735B2C3DF7F}.Debug|Any CPU.Build.0 = Debug|Any CPU
		{394999DF-ED90-463E-B66C-9735B2C3DF7F}.Release|Any CPU.ActiveCfg = Release|Any CPU
		{394999DF-ED90-463E-B66C-9735B2C3DF7F}.Release|Any CPU.Build.0 = Release|Any CPU
	EndGlobalSection
	GlobalSection(SolutionProperties) = preSolution
		HideSolutionNode = FALSE
	EndGlobalSection
	GlobalSection(ExtensibilityGlobals) = postSolution
		SolutionGuid = {6BF330B7-B934-4B0A-A8D6-4DD8FC093171}
	EndGlobalSection
EndGlobal
